
Microsoft Visual Studio Solution File, Format Version 12.00
# Visual Studio 15
VisualStudioVersion = 15.0.28010.2019
MinimumVisualStudioVersion = 10.0.40219.1
Project("{FAE04EC0-301F-11D3-BF4B-00C04F79EFBC}") = "第4题", "Csharp-第一次作业\第4题.csproj", "{93448B0F-8623-4EE7-A91B-D0FEF96CBD38}"
EndProject
Project("{FAE04EC0-301F-11D3-BF4B-00C04F79EFBC}") = "第5题", "第5题\第5题.csproj", "{97BC557D-B625-491C-99C8-9124949BED99}"
EndProject
Global
	GlobalSection(SolutionConfigurationPlatforms) = preSolution
		Debug|Any CPU = Debug|Any CPU
		Release|Any CPU = Release|Any CPU
	EndGlobalSection
	GlobalSection(ProjectConfigurationPlatforms) = postSolution
		{93448B0F-8623-4EE7-A91B-D0FEF96CBD38}.Debug|Any CPU.ActiveCfg = Debug|Any CPU
		{93448B0F-8623-4EE7-A91B-D0FEF96CBD38}.Debug|Any CPU.Build.0 = Debug|Any CPU
		{93448B0F-8623-4EE7-A91B-D0FEF96CBD38}.Release|Any CPU.ActiveCfg = Release|Any CPU
		{93448B0F-8623-4EE7-A91B-D0FEF96CBD38}.Release|Any CPU.Build.0 = Release|Any CPU
		{97BC557D-B625-491C-99C8-9124949BED99}.Debug|Any CPU.ActiveCfg = Debug|Any CPU
		{97BC557D-B625-491C-99C8-9124949BED99}.Debug|Any CPU.Build.0 = Debug|Any CPU
		{97BC557D-B625-491C-99C8-9124949BED99}.Release|Any CPU.ActiveCfg = Release|Any CPU
		{97BC557D-B625-491C-99C8-9124949BED99}.Release|Any CPU.Build.0 = Release|Any CPU
	EndGlobalSection
	GlobalSection(SolutionProperties) = preSolution
		HideSolutionNode = FALSE
	EndGlobalSection
	GlobalSection(ExtensibilityGlobals) = postSolution
		SolutionGuid = {7C8F29A5-874E-4EDC-95DA-0B3E5AA670E3}
	EndGlobalSection
EndGlobal
