
Microsoft Visual Studio Solution File, Format Version 12.00
# Visual Studio 15
VisualStudioVersion = 15.0.28010.2019
MinimumVisualStudioVersion = 10.0.40219.1
Project("{FAE04EC0-301F-11D3-BF4B-00C04F79EFBC}") = "CSharp-第八次作业", "CSharp-第八次作业\CSharp-第八次作业.csproj", "{041E8374-06C5-4885-916B-1369DF5F9C47}"
EndProject
Global
	GlobalSection(SolutionConfigurationPlatforms) = preSolution
		Debug|Any CPU = Debug|Any CPU
		Release|Any CPU = Release|Any CPU
	EndGlobalSection
	GlobalSection(ProjectConfigurationPlatforms) = postSolution
		{041E8374-06C5-4885-916B-1369DF5F9C47}.Debug|Any CPU.ActiveCfg = Debug|Any CPU
		{041E8374-06C5-4885-916B-1369DF5F9C47}.Debug|Any CPU.Build.0 = Debug|Any CPU
		{041E8374-06C5-4885-916B-1369DF5F9C47}.Release|Any CPU.ActiveCfg = Release|Any CPU
		{041E8374-06C5-4885-916B-1369DF5F9C47}.Release|Any CPU.Build.0 = Release|Any CPU
	EndGlobalSection
	GlobalSection(SolutionProperties) = preSolution
		HideSolutionNode = FALSE
	EndGlobalSection
	GlobalSection(ExtensibilityGlobals) = postSolution
		SolutionGuid = {36A66C40-FD50-49DD-AB2F-924EF0C71DAB}
	EndGlobalSection
EndGlobal
