
Microsoft Visual Studio Solution File, Format Version 12.00
# Visual Studio 15
VisualStudioVersion = 15.0.28010.2019
MinimumVisualStudioVersion = 10.0.40219.1
Project("{FAE04EC0-301F-11D3-BF4B-00C04F79EFBC}") = "CSharp-第六次作业", "CSharp-第六次作业\CSharp-第六次作业.csproj", "{B26AE546-E278-496E-95F0-94E56364C460}"
EndProject
Project("{FAE04EC0-301F-11D3-BF4B-00C04F79EFBC}") = "CSharp-第六次作业Tests", "CSharp-第六次作业Tests\CSharp-第六次作业Tests.csproj", "{E0C183AA-5F4A-44F3-8C25-9B2DE38C680A}"
EndProject
Global
	GlobalSection(SolutionConfigurationPlatforms) = preSolution
		Debug|Any CPU = Debug|Any CPU
		Release|Any CPU = Release|Any CPU
	EndGlobalSection
	GlobalSection(ProjectConfigurationPlatforms) = postSolution
		{B26AE546-E278-496E-95F0-94E56364C460}.Debug|Any CPU.ActiveCfg = Debug|Any CPU
		{B26AE546-E278-496E-95F0-94E56364C460}.Debug|Any CPU.Build.0 = Debug|Any CPU
		{B26AE546-E278-496E-95F0-94E56364C460}.Release|Any CPU.ActiveCfg = Release|Any CPU
		{B26AE546-E278-496E-95F0-94E56364C460}.Release|Any CPU.Build.0 = Release|Any CPU
		{E0C183AA-5F4A-44F3-8C25-9B2DE38C680A}.Debug|Any CPU.ActiveCfg = Debug|Any CPU
		{E0C183AA-5F4A-44F3-8C25-9B2DE38C680A}.Debug|Any CPU.Build.0 = Debug|Any CPU
		{E0C183AA-5F4A-44F3-8C25-9B2DE38C680A}.Release|Any CPU.ActiveCfg = Release|Any CPU
		{E0C183AA-5F4A-44F3-8C25-9B2DE38C680A}.Release|Any CPU.Build.0 = Release|Any CPU
	EndGlobalSection
	GlobalSection(SolutionProperties) = preSolution
		HideSolutionNode = FALSE
	EndGlobalSection
	GlobalSection(ExtensibilityGlobals) = postSolution
		SolutionGuid = {3FE0F7D5-53E4-432A-9706-060D967BEB54}
	EndGlobalSection
EndGlobal
