
Microsoft Visual Studio Solution File, Format Version 12.00
# Visual Studio 15
VisualStudioVersion = 15.0.28010.2019
MinimumVisualStudioVersion = 10.0.40219.1
Project("{FAE04EC0-301F-11D3-BF4B-00C04F79EFBC}") = "第6题", "CSharp-第二次作业\第6题.csproj", "{C4882610-E24F-4F59-9B63-60166391251C}"
EndProject
Project("{FAE04EC0-301F-11D3-BF4B-00C04F79EFBC}") = "第7题", "第7题\第7题.csproj", "{DFEFC4C3-16DE-4921-9BA2-7D96B144D84F}"
EndProject
Project("{FAE04EC0-301F-11D3-BF4B-00C04F79EFBC}") = "第8题", "第8题\第8题.csproj", "{7A1B2D57-6494-4AD9-B7AC-FC92ACCEA82C}"
EndProject
Global
	GlobalSection(SolutionConfigurationPlatforms) = preSolution
		Debug|Any CPU = Debug|Any CPU
		Release|Any CPU = Release|Any CPU
	EndGlobalSection
	GlobalSection(ProjectConfigurationPlatforms) = postSolution
		{C4882610-E24F-4F59-9B63-60166391251C}.Debug|Any CPU.ActiveCfg = Debug|Any CPU
		{C4882610-E24F-4F59-9B63-60166391251C}.Debug|Any CPU.Build.0 = Debug|Any CPU
		{C4882610-E24F-4F59-9B63-60166391251C}.Release|Any CPU.ActiveCfg = Release|Any CPU
		{C4882610-E24F-4F59-9B63-60166391251C}.Release|Any CPU.Build.0 = Release|Any CPU
		{DFEFC4C3-16DE-4921-9BA2-7D96B144D84F}.Debug|Any CPU.ActiveCfg = Debug|Any CPU
		{DFEFC4C3-16DE-4921-9BA2-7D96B144D84F}.Debug|Any CPU.Build.0 = Debug|Any CPU
		{DFEFC4C3-16DE-4921-9BA2-7D96B144D84F}.Release|Any CPU.ActiveCfg = Release|Any CPU
		{DFEFC4C3-16DE-4921-9BA2-7D96B144D84F}.Release|Any CPU.Build.0 = Release|Any CPU
		{7A1B2D57-6494-4AD9-B7AC-FC92ACCEA82C}.Debug|Any CPU.ActiveCfg = Debug|Any CPU
		{7A1B2D57-6494-4AD9-B7AC-FC92ACCEA82C}.Debug|Any CPU.Build.0 = Debug|Any CPU
		{7A1B2D57-6494-4AD9-B7AC-FC92ACCEA82C}.Release|Any CPU.ActiveCfg = Release|Any CPU
		{7A1B2D57-6494-4AD9-B7AC-FC92ACCEA82C}.Release|Any CPU.Build.0 = Release|Any CPU
	EndGlobalSection
	GlobalSection(SolutionProperties) = preSolution
		HideSolutionNode = FALSE
	EndGlobalSection
	GlobalSection(ExtensibilityGlobals) = postSolution
		SolutionGuid = {ABD43CA9-611F-41FE-8CB3-98978EBE5AFF}
	EndGlobalSection
EndGlobal
